
Microsoft Visual Studio Solution File, Format Version 12.00
# Visual Studio 15
VisualStudioVersion = 15.0.27130.2020
MinimumVisualStudioVersion = 10.0.40219.1
Project("{9A19103F-16F7-4668-BE54-9A1E7A4F7556}") = "Platibus", "Platibus\Platibus.csproj", "{73863B52-5751-4F75-8436-1CD3E6AC0D50}"
EndProject
Project("{2150E333-8FDC-42A3-9474-1A3956D46DE8}") = ".Solution Items", ".Solution Items", "{E57068F2-C14F-44AE-AE47-1728B5BCEBD1}"
	ProjectSection(SolutionItems) = preProject
		..\gitversion.yml = ..\gitversion.yml
		..\Publish.cmd = ..\Publish.cmd
		..\README.md = ..\README.md
		..\Test.cmd = ..\Test.cmd
	EndProjectSection
EndProject
Project("{9A19103F-16F7-4668-BE54-9A1E7A4F7556}") = "Platibus.IIS", "Platibus.IIS\Platibus.IIS.csproj", "{BF2C4B39-5E10-4115-BEFF-8340982CDA72}"
EndProject
Project("{9A19103F-16F7-4668-BE54-9A1E7A4F7556}") = "Platibus.UnitTests", "Platibus.UnitTests\Platibus.UnitTests.csproj", "{DF55E713-FCF5-439A-ACE8-81F3A2100C23}"
EndProject
Project("{9A19103F-16F7-4668-BE54-9A1E7A4F7556}") = "Platibus.IntegrationTests", "Platibus.IntegrationTests\Platibus.IntegrationTests.csproj", "{6C6C810F-5E72-43E0-A79A-776382A047D1}"
EndProject
Project("{9A19103F-16F7-4668-BE54-9A1E7A4F7556}") = "Platibus.SQLite", "Platibus.SQLite\Platibus.SQLite.csproj", "{A23BE958-6524-4C9C-8957-1C3DEBB0780C}"
EndProject
Project("{2150E333-8FDC-42A3-9474-1A3956D46DE8}") = "2. Examples", "2. Examples", "{51BBF662-851D-477B-9885-E668F832B2E7}"
EndProject
Project("{2150E333-8FDC-42A3-9474-1A3956D46DE8}") = "3. Tests", "3. Tests", "{FB5FBD26-C232-41B4-88E9-6AFE2D43966E}"
EndProject
Project("{9A19103F-16F7-4668-BE54-9A1E7A4F7556}") = "Platibus.RabbitMQ", "Platibus.RabbitMQ\Platibus.RabbitMQ.csproj", "{CE776EC9-C665-44BF-8EDD-45678D269112}"
EndProject
Project("{2150E333-8FDC-42A3-9474-1A3956D46DE8}") = "1. Main", "1. Main", "{04F31F54-4A18-4129-8CF2-78B975ABC8FA}"
EndProject
Project("{9A19103F-16F7-4668-BE54-9A1E7A4F7556}") = "Platibus.Owin", "Platibus.Owin\Platibus.Owin.csproj", "{4070B7DA-DFEF-4FA7-BB44-72C084CA9E80}"
EndProject
Project("{9A19103F-16F7-4668-BE54-9A1E7A4F7556}") = "Platibus.SampleMessages", "Platibus.SampleMessages\Platibus.SampleMessages.csproj", "{09395808-AD45-4D5A-BB77-D09D156F7BDA}"
EndProject
Project("{9A19103F-16F7-4668-BE54-9A1E7A4F7556}") = "Platibus.MongoDB", "Platibus.MongoDB\Platibus.MongoDB.csproj", "{A5901B13-72A2-4A18-8660-6956052166E6}"
EndProject
Project("{9A19103F-16F7-4668-BE54-9A1E7A4F7556}") = "Platibus.AspNetCore", "Platibus.AspNetCore\Platibus.AspNetCore.csproj", "{F22009F5-4C5F-4A43-8862-0C5736C392E2}"
EndProject
Project("{9A19103F-16F7-4668-BE54-9A1E7A4F7556}") = "Platibus.SampleApi", "Platibus.SampleApi\Platibus.SampleApi.csproj", "{64DE5ADF-36CA-47BE-9699-D70D852C9495}"
EndProject
Project("{FAE04EC0-301F-11D3-BF4B-00C04F79EFBC}") = "Platibus.SampleWebApp", "Platibus.SampleWebApp\Platibus.SampleWebApp.csproj", "{269F1BB0-1146-4691-AC58-E1C41D59A0B3}"
EndProject
Global
	GlobalSection(SolutionConfigurationPlatforms) = preSolution
		Debug|Any CPU = Debug|Any CPU
		Release|Any CPU = Release|Any CPU
	EndGlobalSection
	GlobalSection(ProjectConfigurationPlatforms) = postSolution
		{73863B52-5751-4F75-8436-1CD3E6AC0D50}.Debug|Any CPU.ActiveCfg = Debug|Any CPU
		{73863B52-5751-4F75-8436-1CD3E6AC0D50}.Debug|Any CPU.Build.0 = Debug|Any CPU
		{73863B52-5751-4F75-8436-1CD3E6AC0D50}.Release|Any CPU.ActiveCfg = Release|Any CPU
		{73863B52-5751-4F75-8436-1CD3E6AC0D50}.Release|Any CPU.Build.0 = Release|Any CPU
		{BF2C4B39-5E10-4115-BEFF-8340982CDA72}.Debug|Any CPU.ActiveCfg = Debug|Any CPU
		{BF2C4B39-5E10-4115-BEFF-8340982CDA72}.Debug|Any CPU.Build.0 = Debug|Any CPU
		{BF2C4B39-5E10-4115-BEFF-8340982CDA72}.Release|Any CPU.ActiveCfg = Release|Any CPU
		{BF2C4B39-5E10-4115-BEFF-8340982CDA72}.Release|Any CPU.Build.0 = Release|Any CPU
		{DF55E713-FCF5-439A-ACE8-81F3A2100C23}.Debug|Any CPU.ActiveCfg = Debug|Any CPU
		{DF55E713-FCF5-439A-ACE8-81F3A2100C23}.Debug|Any CPU.Build.0 = Debug|Any CPU
		{DF55E713-FCF5-439A-ACE8-81F3A2100C23}.Release|Any CPU.ActiveCfg = Release|Any CPU
		{DF55E713-FCF5-439A-ACE8-81F3A2100C23}.Release|Any CPU.Build.0 = Release|Any CPU
		{6C6C810F-5E72-43E0-A79A-776382A047D1}.Debug|Any CPU.ActiveCfg = Debug|Any CPU
		{6C6C810F-5E72-43E0-A79A-776382A047D1}.Debug|Any CPU.Build.0 = Debug|Any CPU
		{6C6C810F-5E72-43E0-A79A-776382A047D1}.Release|Any CPU.ActiveCfg = Release|Any CPU
		{6C6C810F-5E72-43E0-A79A-776382A047D1}.Release|Any CPU.Build.0 = Release|Any CPU
		{A23BE958-6524-4C9C-8957-1C3DEBB0780C}.Debug|Any CPU.ActiveCfg = Debug|Any CPU
		{A23BE958-6524-4C9C-8957-1C3DEBB0780C}.Debug|Any CPU.Build.0 = Debug|Any CPU
		{A23BE958-6524-4C9C-8957-1C3DEBB0780C}.Release|Any CPU.ActiveCfg = Release|Any CPU
		{A23BE958-6524-4C9C-8957-1C3DEBB0780C}.Release|Any CPU.Build.0 = Release|Any CPU
		{CE776EC9-C665-44BF-8EDD-45678D269112}.Debug|Any CPU.ActiveCfg = Debug|Any CPU
		{CE776EC9-C665-44BF-8EDD-45678D269112}.Debug|Any CPU.Build.0 = Debug|Any CPU
		{CE776EC9-C665-44BF-8EDD-45678D269112}.Release|Any CPU.ActiveCfg = Release|Any CPU
		{CE776EC9-C665-44BF-8EDD-45678D269112}.Release|Any CPU.Build.0 = Release|Any CPU
		{4070B7DA-DFEF-4FA7-BB44-72C084CA9E80}.Debug|Any CPU.ActiveCfg = Debug|Any CPU
		{4070B7DA-DFEF-4FA7-BB44-72C084CA9E80}.Debug|Any CPU.Build.0 = Debug|Any CPU
		{4070B7DA-DFEF-4FA7-BB44-72C084CA9E80}.Release|Any CPU.ActiveCfg = Release|Any CPU
		{4070B7DA-DFEF-4FA7-BB44-72C084CA9E80}.Release|Any CPU.Build.0 = Release|Any CPU
		{09395808-AD45-4D5A-BB77-D09D156F7BDA}.Debug|Any CPU.ActiveCfg = Debug|Any CPU
		{09395808-AD45-4D5A-BB77-D09D156F7BDA}.Debug|Any CPU.Build.0 = Debug|Any CPU
		{09395808-AD45-4D5A-BB77-D09D156F7BDA}.Release|Any CPU.ActiveCfg = Release|Any CPU
		{09395808-AD45-4D5A-BB77-D09D156F7BDA}.Release|Any CPU.Build.0 = Release|Any CPU
		{A5901B13-72A2-4A18-8660-6956052166E6}.Debug|Any CPU.ActiveCfg = Debug|Any CPU
		{A5901B13-72A2-4A18-8660-6956052166E6}.Debug|Any CPU.Build.0 = Debug|Any CPU
		{A5901B13-72A2-4A18-8660-6956052166E6}.Release|Any CPU.ActiveCfg = Release|Any CPU
		{A5901B13-72A2-4A18-8660-6956052166E6}.Release|Any CPU.Build.0 = Release|Any CPU
		{F22009F5-4C5F-4A43-8862-0C5736C392E2}.Debug|Any CPU.ActiveCfg = Debug|Any CPU
		{F22009F5-4C5F-4A43-8862-0C5736C392E2}.Debug|Any CPU.Build.0 = Debug|Any CPU
		{F22009F5-4C5F-4A43-8862-0C5736C392E2}.Release|Any CPU.ActiveCfg = Release|Any CPU
		{F22009F5-4C5F-4A43-8862-0C5736C392E2}.Release|Any CPU.Build.0 = Release|Any CPU
		{64DE5ADF-36CA-47BE-9699-D70D852C9495}.Debug|Any CPU.ActiveCfg = Debug|Any CPU
		{64DE5ADF-36CA-47BE-9699-D70D852C9495}.Debug|Any CPU.Build.0 = Debug|Any CPU
		{64DE5ADF-36CA-47BE-9699-D70D852C9495}.Release|Any CPU.ActiveCfg = Release|Any CPU
		{64DE5ADF-36CA-47BE-9699-D70D852C9495}.Release|Any CPU.Build.0 = Release|Any CPU
		{269F1BB0-1146-4691-AC58-E1C41D59A0B3}.Debug|Any CPU.ActiveCfg = Debug|Any CPU
		{269F1BB0-1146-4691-AC58-E1C41D59A0B3}.Debug|Any CPU.Build.0 = Debug|Any CPU
		{269F1BB0-1146-4691-AC58-E1C41D59A0B3}.Release|Any CPU.ActiveCfg = Release|Any CPU
		{269F1BB0-1146-4691-AC58-E1C41D59A0B3}.Release|Any CPU.Build.0 = Release|Any CPU
	EndGlobalSection
	GlobalSection(SolutionProperties) = preSolution
		HideSolutionNode = FALSE
	EndGlobalSection
	GlobalSection(NestedProjects) = preSolution
		{73863B52-5751-4F75-8436-1CD3E6AC0D50} = {04F31F54-4A18-4129-8CF2-78B975ABC8FA}
		{BF2C4B39-5E10-4115-BEFF-8340982CDA72} = {04F31F54-4A18-4129-8CF2-78B975ABC8FA}
		{DF55E713-FCF5-439A-ACE8-81F3A2100C23} = {FB5FBD26-C232-41B4-88E9-6AFE2D43966E}
		{6C6C810F-5E72-43E0-A79A-776382A047D1} = {FB5FBD26-C232-41B4-88E9-6AFE2D43966E}
		{A23BE958-6524-4C9C-8957-1C3DEBB0780C} = {04F31F54-4A18-4129-8CF2-78B975ABC8FA}
		{CE776EC9-C665-44BF-8EDD-45678D269112} = {04F31F54-4A18-4129-8CF2-78B975ABC8FA}
		{4070B7DA-DFEF-4FA7-BB44-72C084CA9E80} = {04F31F54-4A18-4129-8CF2-78B975ABC8FA}
		{09395808-AD45-4D5A-BB77-D09D156F7BDA} = {51BBF662-851D-477B-9885-E668F832B2E7}
		{A5901B13-72A2-4A18-8660-6956052166E6} = {04F31F54-4A18-4129-8CF2-78B975ABC8FA}
		{F22009F5-4C5F-4A43-8862-0C5736C392E2} = {04F31F54-4A18-4129-8CF2-78B975ABC8FA}
		{64DE5ADF-36CA-47BE-9699-D70D852C9495} = {51BBF662-851D-477B-9885-E668F832B2E7}
		{269F1BB0-1146-4691-AC58-E1C41D59A0B3} = {51BBF662-851D-477B-9885-E668F832B2E7}
	EndGlobalSection
	GlobalSection(ExtensibilityGlobals) = postSolution
		SolutionGuid = {FCBD4A54-CF0D-4154-BBBA-A9AA101F3BE8}
	EndGlobalSection
EndGlobal
