
Microsoft Visual Studio Solution File, Format Version 12.00
# Visual Studio 14
VisualStudioVersion = 14.0.25420.1
MinimumVisualStudioVersion = 10.0.40219.1
Project("{FAE04EC0-301F-11D3-BF4B-00C04F79EFBC}") = "Platibus", "Platibus\Platibus.csproj", "{73863B52-5751-4F75-8436-1CD3E6AC0D50}"
EndProject
Project("{2150E333-8FDC-42A3-9474-1A3956D46DE8}") = ".Solution Items", ".Solution Items", "{E57068F2-C14F-44AE-AE47-1728B5BCEBD1}"
	ProjectSection(SolutionItems) = preProject
		Copyright.cs = Copyright.cs
		..\gitversion.yml = ..\gitversion.yml
		..\Publish.proj = ..\Publish.proj
	EndProjectSection
EndProject
Project("{FAE04EC0-301F-11D3-BF4B-00C04F79EFBC}") = "Platibus.IIS", "Platibus.IIS\Platibus.IIS.csproj", "{BF2C4B39-5E10-4115-BEFF-8340982CDA72}"
EndProject
Project("{2150E333-8FDC-42A3-9474-1A3956D46DE8}") = ".nuget", ".nuget", "{41A4235C-2A9C-47A9-B54B-86FF3387A573}"
	ProjectSection(SolutionItems) = preProject
		.nuget\NuGet.Config = .nuget\NuGet.Config
		.nuget\NuGet.exe = .nuget\NuGet.exe
		.nuget\NuGet.targets = .nuget\NuGet.targets
	EndProjectSection
EndProject
Project("{FAE04EC0-301F-11D3-BF4B-00C04F79EFBC}") = "Platibus.UnitTests", "Platibus.UnitTests\Platibus.UnitTests.csproj", "{DF55E713-FCF5-439A-ACE8-81F3A2100C23}"
EndProject
Project("{FAE04EC0-301F-11D3-BF4B-00C04F79EFBC}") = "Platibus.IntegrationTests", "Platibus.IntegrationTests\Platibus.IntegrationTests.csproj", "{6C6C810F-5E72-43E0-A79A-776382A047D1}"
EndProject
Project("{FAE04EC0-301F-11D3-BF4B-00C04F79EFBC}") = "Platibus.SampleWebApp", "Platibus.SampleWebApp\Platibus.SampleWebApp.csproj", "{87D62B09-0F75-4AED-B6AE-C89DDEEBD1CC}"
EndProject
Project("{FAE04EC0-301F-11D3-BF4B-00C04F79EFBC}") = "Platibus.SQLite", "Platibus.SQLite\Platibus.SQLite.csproj", "{A23BE958-6524-4C9C-8957-1C3DEBB0780C}"
EndProject
Project("{2150E333-8FDC-42A3-9474-1A3956D46DE8}") = "2. Examples", "2. Examples", "{51BBF662-851D-477B-9885-E668F832B2E7}"
EndProject
Project("{2150E333-8FDC-42A3-9474-1A3956D46DE8}") = "3. Tests", "3. Tests", "{FB5FBD26-C232-41B4-88E9-6AFE2D43966E}"
EndProject
Project("{FAE04EC0-301F-11D3-BF4B-00C04F79EFBC}") = "Platibus.RabbitMQ", "Platibus.RabbitMQ\Platibus.RabbitMQ.csproj", "{CE776EC9-C665-44BF-8EDD-45678D269112}"
EndProject
Project("{2150E333-8FDC-42A3-9474-1A3956D46DE8}") = "1. Main", "1. Main", "{04F31F54-4A18-4129-8CF2-78B975ABC8FA}"
EndProject
Project("{FAE04EC0-301F-11D3-BF4B-00C04F79EFBC}") = "Platibus.Owin", "Platibus.Owin\Platibus.Owin.csproj", "{4070B7DA-DFEF-4FA7-BB44-72C084CA9E80}"
EndProject
Global
	GlobalSection(SolutionConfigurationPlatforms) = preSolution
		Debug|Any CPU = Debug|Any CPU
		Release|Any CPU = Release|Any CPU
	EndGlobalSection
	GlobalSection(ProjectConfigurationPlatforms) = postSolution
		{73863B52-5751-4F75-8436-1CD3E6AC0D50}.Debug|Any CPU.ActiveCfg = Debug|Any CPU
		{73863B52-5751-4F75-8436-1CD3E6AC0D50}.Debug|Any CPU.Build.0 = Debug|Any CPU
		{73863B52-5751-4F75-8436-1CD3E6AC0D50}.Release|Any CPU.ActiveCfg = Release|Any CPU
		{73863B52-5751-4F75-8436-1CD3E6AC0D50}.Release|Any CPU.Build.0 = Release|Any CPU
		{BF2C4B39-5E10-4115-BEFF-8340982CDA72}.Debug|Any CPU.ActiveCfg = Debug|Any CPU
		{BF2C4B39-5E10-4115-BEFF-8340982CDA72}.Debug|Any CPU.Build.0 = Debug|Any CPU
		{BF2C4B39-5E10-4115-BEFF-8340982CDA72}.Release|Any CPU.ActiveCfg = Release|Any CPU
		{BF2C4B39-5E10-4115-BEFF-8340982CDA72}.Release|Any CPU.Build.0 = Release|Any CPU
		{DF55E713-FCF5-439A-ACE8-81F3A2100C23}.Debug|Any CPU.ActiveCfg = Debug|Any CPU
		{DF55E713-FCF5-439A-ACE8-81F3A2100C23}.Debug|Any CPU.Build.0 = Debug|Any CPU
		{DF55E713-FCF5-439A-ACE8-81F3A2100C23}.Release|Any CPU.ActiveCfg = Release|Any CPU
		{DF55E713-FCF5-439A-ACE8-81F3A2100C23}.Release|Any CPU.Build.0 = Release|Any CPU
		{6C6C810F-5E72-43E0-A79A-776382A047D1}.Debug|Any CPU.ActiveCfg = Debug|Any CPU
		{6C6C810F-5E72-43E0-A79A-776382A047D1}.Debug|Any CPU.Build.0 = Debug|Any CPU
		{6C6C810F-5E72-43E0-A79A-776382A047D1}.Release|Any CPU.ActiveCfg = Release|Any CPU
		{6C6C810F-5E72-43E0-A79A-776382A047D1}.Release|Any CPU.Build.0 = Release|Any CPU
		{87D62B09-0F75-4AED-B6AE-C89DDEEBD1CC}.Debug|Any CPU.ActiveCfg = Debug|Any CPU
		{87D62B09-0F75-4AED-B6AE-C89DDEEBD1CC}.Debug|Any CPU.Build.0 = Debug|Any CPU
		{87D62B09-0F75-4AED-B6AE-C89DDEEBD1CC}.Release|Any CPU.ActiveCfg = Release|Any CPU
		{87D62B09-0F75-4AED-B6AE-C89DDEEBD1CC}.Release|Any CPU.Build.0 = Release|Any CPU
		{A23BE958-6524-4C9C-8957-1C3DEBB0780C}.Debug|Any CPU.ActiveCfg = Debug|Any CPU
		{A23BE958-6524-4C9C-8957-1C3DEBB0780C}.Debug|Any CPU.Build.0 = Debug|Any CPU
		{A23BE958-6524-4C9C-8957-1C3DEBB0780C}.Release|Any CPU.ActiveCfg = Release|Any CPU
		{A23BE958-6524-4C9C-8957-1C3DEBB0780C}.Release|Any CPU.Build.0 = Release|Any CPU
		{CE776EC9-C665-44BF-8EDD-45678D269112}.Debug|Any CPU.ActiveCfg = Debug|Any CPU
		{CE776EC9-C665-44BF-8EDD-45678D269112}.Debug|Any CPU.Build.0 = Debug|Any CPU
		{CE776EC9-C665-44BF-8EDD-45678D269112}.Release|Any CPU.ActiveCfg = Release|Any CPU
		{CE776EC9-C665-44BF-8EDD-45678D269112}.Release|Any CPU.Build.0 = Release|Any CPU
		{4070B7DA-DFEF-4FA7-BB44-72C084CA9E80}.Debug|Any CPU.ActiveCfg = Debug|Any CPU
		{4070B7DA-DFEF-4FA7-BB44-72C084CA9E80}.Debug|Any CPU.Build.0 = Debug|Any CPU
		{4070B7DA-DFEF-4FA7-BB44-72C084CA9E80}.Release|Any CPU.ActiveCfg = Release|Any CPU
		{4070B7DA-DFEF-4FA7-BB44-72C084CA9E80}.Release|Any CPU.Build.0 = Release|Any CPU
	EndGlobalSection
	GlobalSection(SolutionProperties) = preSolution
		HideSolutionNode = FALSE
	EndGlobalSection
	GlobalSection(NestedProjects) = preSolution
		{73863B52-5751-4F75-8436-1CD3E6AC0D50} = {04F31F54-4A18-4129-8CF2-78B975ABC8FA}
		{BF2C4B39-5E10-4115-BEFF-8340982CDA72} = {04F31F54-4A18-4129-8CF2-78B975ABC8FA}
		{DF55E713-FCF5-439A-ACE8-81F3A2100C23} = {FB5FBD26-C232-41B4-88E9-6AFE2D43966E}
		{6C6C810F-5E72-43E0-A79A-776382A047D1} = {FB5FBD26-C232-41B4-88E9-6AFE2D43966E}
		{87D62B09-0F75-4AED-B6AE-C89DDEEBD1CC} = {51BBF662-851D-477B-9885-E668F832B2E7}
		{A23BE958-6524-4C9C-8957-1C3DEBB0780C} = {04F31F54-4A18-4129-8CF2-78B975ABC8FA}
		{CE776EC9-C665-44BF-8EDD-45678D269112} = {04F31F54-4A18-4129-8CF2-78B975ABC8FA}
		{4070B7DA-DFEF-4FA7-BB44-72C084CA9E80} = {04F31F54-4A18-4129-8CF2-78B975ABC8FA}
	EndGlobalSection
EndGlobal
