
Microsoft Visual Studio Solution File, Format Version 12.00
# Visual Studio 2013
VisualStudioVersion = 12.0.31101.0
MinimumVisualStudioVersion = 10.0.40219.1
Project("{FAE04EC0-301F-11D3-BF4B-00C04F79EFBC}") = "Pluribus", "Pluribus\Pluribus.csproj", "{73863B52-5751-4F75-8436-1CD3E6AC0D50}"
EndProject
Project("{2150E333-8FDC-42A3-9474-1A3956D46DE8}") = ".Solution Items", ".Solution Items", "{E57068F2-C14F-44AE-AE47-1728B5BCEBD1}"
	ProjectSection(SolutionItems) = preProject
		Copyright.cs = Copyright.cs
	EndProjectSection
EndProject
Project("{FAE04EC0-301F-11D3-BF4B-00C04F79EFBC}") = "Pluribus.IIS", "Pluribus.IIS\Pluribus.IIS.csproj", "{BF2C4B39-5E10-4115-BEFF-8340982CDA72}"
EndProject
Project("{2150E333-8FDC-42A3-9474-1A3956D46DE8}") = ".nuget", ".nuget", "{41A4235C-2A9C-47A9-B54B-86FF3387A573}"
	ProjectSection(SolutionItems) = preProject
		.nuget\NuGet.Config = .nuget\NuGet.Config
		.nuget\NuGet.exe = .nuget\NuGet.exe
		.nuget\NuGet.targets = .nuget\NuGet.targets
	EndProjectSection
EndProject
Project("{FAE04EC0-301F-11D3-BF4B-00C04F79EFBC}") = "Pluribus.UnitTests", "Pluribus.UnitTests\Pluribus.UnitTests.csproj", "{DF55E713-FCF5-439A-ACE8-81F3A2100C23}"
EndProject
Project("{FAE04EC0-301F-11D3-BF4B-00C04F79EFBC}") = "Pluribus.IntegrationTests", "Pluribus.IntegrationTests\Pluribus.IntegrationTests.csproj", "{6C6C810F-5E72-43E0-A79A-776382A047D1}"
EndProject
Project("{FAE04EC0-301F-11D3-BF4B-00C04F79EFBC}") = "Pluribus.SampleWebApp", "Pluribus.SampleWebApp\Pluribus.SampleWebApp.csproj", "{87D62B09-0F75-4AED-B6AE-C89DDEEBD1CC}"
EndProject
Global
	GlobalSection(SolutionConfigurationPlatforms) = preSolution
		Debug|Any CPU = Debug|Any CPU
		Release|Any CPU = Release|Any CPU
	EndGlobalSection
	GlobalSection(ProjectConfigurationPlatforms) = postSolution
		{73863B52-5751-4F75-8436-1CD3E6AC0D50}.Debug|Any CPU.ActiveCfg = Debug|Any CPU
		{73863B52-5751-4F75-8436-1CD3E6AC0D50}.Debug|Any CPU.Build.0 = Debug|Any CPU
		{73863B52-5751-4F75-8436-1CD3E6AC0D50}.Release|Any CPU.ActiveCfg = Release|Any CPU
		{73863B52-5751-4F75-8436-1CD3E6AC0D50}.Release|Any CPU.Build.0 = Release|Any CPU
		{BF2C4B39-5E10-4115-BEFF-8340982CDA72}.Debug|Any CPU.ActiveCfg = Debug|Any CPU
		{BF2C4B39-5E10-4115-BEFF-8340982CDA72}.Debug|Any CPU.Build.0 = Debug|Any CPU
		{BF2C4B39-5E10-4115-BEFF-8340982CDA72}.Release|Any CPU.ActiveCfg = Release|Any CPU
		{BF2C4B39-5E10-4115-BEFF-8340982CDA72}.Release|Any CPU.Build.0 = Release|Any CPU
		{DF55E713-FCF5-439A-ACE8-81F3A2100C23}.Debug|Any CPU.ActiveCfg = Debug|Any CPU
		{DF55E713-FCF5-439A-ACE8-81F3A2100C23}.Debug|Any CPU.Build.0 = Debug|Any CPU
		{DF55E713-FCF5-439A-ACE8-81F3A2100C23}.Release|Any CPU.ActiveCfg = Release|Any CPU
		{DF55E713-FCF5-439A-ACE8-81F3A2100C23}.Release|Any CPU.Build.0 = Release|Any CPU
		{6C6C810F-5E72-43E0-A79A-776382A047D1}.Debug|Any CPU.ActiveCfg = Debug|Any CPU
		{6C6C810F-5E72-43E0-A79A-776382A047D1}.Debug|Any CPU.Build.0 = Debug|Any CPU
		{6C6C810F-5E72-43E0-A79A-776382A047D1}.Release|Any CPU.ActiveCfg = Release|Any CPU
		{6C6C810F-5E72-43E0-A79A-776382A047D1}.Release|Any CPU.Build.0 = Release|Any CPU
		{87D62B09-0F75-4AED-B6AE-C89DDEEBD1CC}.Debug|Any CPU.ActiveCfg = Debug|Any CPU
		{87D62B09-0F75-4AED-B6AE-C89DDEEBD1CC}.Debug|Any CPU.Build.0 = Debug|Any CPU
		{87D62B09-0F75-4AED-B6AE-C89DDEEBD1CC}.Release|Any CPU.ActiveCfg = Release|Any CPU
		{87D62B09-0F75-4AED-B6AE-C89DDEEBD1CC}.Release|Any CPU.Build.0 = Release|Any CPU
	EndGlobalSection
	GlobalSection(SolutionProperties) = preSolution
		HideSolutionNode = FALSE
	EndGlobalSection
EndGlobal
